{
    "_readme": [
        "This file locks the dependencies of your project to a known state",
        "Read more about it at https://getcomposer.org/doc/01-basic-usage.md#installing-dependencies",
        "This file is @generated automatically"
    ],
    "content-hash": "9a24d459ac557274af871a7f38f4c5f8",
    "packages": [
        {
            "name": "spatie/regex",
            "version": "3.1.1",
            "source": {
                "type": "git",
                "url": "https://github.com/spatie/regex.git",
                "reference": "d543de2019a0068e7b80da0ba24f1c51c7469303"
            },
            "dist": {
                "type": "zip",
                "url": "https://api.github.com/repos/spatie/regex/zipball/d543de2019a0068e7b80da0ba24f1c51c7469303",
                "reference": "d543de2019a0068e7b80da0ba24f1c51c7469303",
                "shasum": ""
            },
            "require": {
                "php": "^8.0|^8.1"
            },
            "require-dev": {
                "phpunit/phpunit": "^9.3"
            },
            "type": "library",
            "autoload": {
                "psr-4": {
                    "Spatie\\Regex\\": "src"
                }
            },
            "notification-url": "https://packagist.org/downloads/",
            "license": [
                "MIT"
            ],
            "authors": [
                {
                    "name": "Sebastian De Deyne",
                    "email": "sebastian@spatie.be",
                    "homepage": "https://spatie.be",
                    "role": "Developer"
                }
            ],
            "description": "A sane interface for php's built in preg_* functions",
            "homepage": "https://github.com/spatie/regex",
            "keywords": [
                "expression",
                "expressions",
                "regex",
                "regular",
                "spatie"
            ],
            "support": {
                "issues": "https://github.com/spatie/regex/issues",
                "source": "https://github.com/spatie/regex/tree/3.1.1"
            },
            "funding": [
                {
                    "url": "https://spatie.be/open-source/support-us",
                    "type": "custom"
                },
                {
                    "url": "https://github.com/spatie",
                    "type": "github"
                }
            ],
            "time": "2021-11-30T21:13:59+00:00"
        }
    ],
    "packages-dev": [],
    "aliases": [],
    "minimum-stability": "dev",
    "stability-flags": [],
    "prefer-stable": false,
    "prefer-lowest": false,
    "platform": [],
    "platform-dev": [],
    "plugin-api-version": "2.3.0"
}
